
Microsoft Visual Studio Solution File, Format Version 12.00
# Visual Studio 15
VisualStudioVersion = 15.0.26430.4
MinimumVisualStudioVersion = 10.0.40219.1
Project("{FAE04EC0-301F-11D3-BF4B-00C04F79EFBC}") = "LeagueOfNinja", "LeagueOfNinja\LeagueOfNinja.csproj", "{7751DE4F-E3E6-492D-B519-2821C96E3AB5}"
EndProject
Project("{FAE04EC0-301F-11D3-BF4B-00C04F79EFBC}") = "LeagueOfNinjaEF", "LeagueOfNinjaEF\LeagueOfNinjaEF.csproj", "{287B2388-7225-4D97-81F3-9174A829D825}"
EndProject
Global
	GlobalSection(SolutionConfigurationPlatforms) = preSolution
		Debug|Any CPU = Debug|Any CPU
		Release|Any CPU = Release|Any CPU
	EndGlobalSection
	GlobalSection(ProjectConfigurationPlatforms) = postSolution
		{7751DE4F-E3E6-492D-B519-2821C96E3AB5}.Debug|Any CPU.ActiveCfg = Debug|Any CPU
		{7751DE4F-E3E6-492D-B519-2821C96E3AB5}.Debug|Any CPU.Build.0 = Debug|Any CPU
		{7751DE4F-E3E6-492D-B519-2821C96E3AB5}.Release|Any CPU.ActiveCfg = Release|Any CPU
		{7751DE4F-E3E6-492D-B519-2821C96E3AB5}.Release|Any CPU.Build.0 = Release|Any CPU
		{287B2388-7225-4D97-81F3-9174A829D825}.Debug|Any CPU.ActiveCfg = Debug|Any CPU
		{287B2388-7225-4D97-81F3-9174A829D825}.Debug|Any CPU.Build.0 = Debug|Any CPU
		{287B2388-7225-4D97-81F3-9174A829D825}.Release|Any CPU.ActiveCfg = Release|Any CPU
		{287B2388-7225-4D97-81F3-9174A829D825}.Release|Any CPU.Build.0 = Release|Any CPU
	EndGlobalSection
	GlobalSection(SolutionProperties) = preSolution
		HideSolutionNode = FALSE
	EndGlobalSection
EndGlobal
